hash: 806ac05d7dc36264190393bd4d66e8fdc0b2a907f489be9483394ea2e3ec2a01
updated: 2019-03-22T13:01:09.347094684+01:00
imports:
- name: github.com/docker/distribution
  version: 6d62eb1d4a3515399431b713fde3ce5a9b40e8d5
  subpackages:
  - digestset
  - reference
  - registry/api/errcode
- name: github.com/docker/docker
  version: 7c197c18d30e1683767709d69397ad1c0a5b2164
  subpackages:
  - api
  - api/types
  - api/types/blkiodev
  - api/types/container
  - api/types/events
  - api/types/filters
  - api/types/image
  - api/types/mount
  - api/types/network
  - api/types/registry
  - api/types/strslice
  - api/types/swarm
  - api/types/swarm/runtime
  - api/types/time
  - api/types/versions
  - api/types/volume
  - client
  - errdefs
- name: github.com/docker/go-connections
  version: 97c2040d34dfae1d1b1275fa3a78dbdd2f41cf7e
  subpackages:
  - nat
  - sockets
  - tlsconfig
- name: github.com/docker/go-units
  version: 2fb04c6466a548a03cb009c5569ee1ab1e35398e
- name: github.com/gogo/protobuf
  version: c0656edd0d9eab7c66d1eb0c568f9039345796f7
  subpackages:
  - proto
  - sortkeys
- name: github.com/golang/glog
  version: 44145f04b68cf362d9c4df2182967c2275eaefed
- name: github.com/golang/protobuf
  version: b4deda0973fb4c70b50d226b1af49f3da59f5265
  subpackages:
  - proto
  - ptypes
  - ptypes/any
  - ptypes/duration
  - ptypes/timestamp
- name: github.com/google/gofuzz
  version: 44d81051d367757e1c7c6a5a86423ece9afcf63c
- name: github.com/inconshreveable/mousetrap
  version: 76626ae9c91c4f2a10f34cad8ce83ea42c93bb75
- name: github.com/konsorten/go-windows-terminal-sequences
  version: f55edac94c9bbba5d6182a4be46d86a2c9b5b50e
- name: github.com/Microsoft/go-winio
  version: c599b533b43b1363d7d7c6cfda5ede70ed73ff13
- name: github.com/opencontainers/go-digest
  version: ac19fd6e7483ff933754af248d80be865e543d22
- name: github.com/opencontainers/image-spec
  version: da296dcb1e473a9b4e2d148941d7faa9ac8fea3f
  subpackages:
  - specs-go
  - specs-go/v1
- name: github.com/pkg/errors
  version: 27936f6d90f9c8e1145f11ed52ffffbfdb9e0af7
- name: github.com/sirupsen/logrus
  version: dae0fa8d5b0c810a8ab733fbd5510c7cae84eca4
- name: github.com/spf13/cobra
  version: ef82de70bb3f60c65fb8eebacbb2d122ef517385
- name: github.com/spf13/pflag
  version: 583c0c0531f06d5278b7d917446061adc344b5cd
- name: golang.org/x/crypto
  version: 81e90905daefcd6fd217b62423c0908922eadb30
  subpackages:
  - curve25519
  - ed25519
  - ed25519/internal/edwards25519
  - ssh
  - ssh/terminal
- name: golang.org/x/net
  version: 1c05540f6879653db88113bc4a2b70aec4bd491f
  subpackages:
  - context
  - http2
  - http2/hpack
  - idna
  - lex/httplex
  - proxy
- name: golang.org/x/sys
  version: 95c6576299259db960f6c5b9b69ea52422860fce
  subpackages:
  - unix
  - windows
- name: golang.org/x/text
  version: b19bf474d317b857955b12035d2c5acb57ce8b01
  subpackages:
  - cases
  - internal
  - internal/tag
  - language
  - runes
  - secure/bidirule
  - secure/precis
  - transform
  - unicode/bidi
  - unicode/norm
  - width
- name: google.golang.org/genproto
  version: 09f6ed296fc66555a25fe4ce95173148778dfa85
  subpackages:
  - googleapis/rpc/status
- name: google.golang.org/grpc
  version: 168a6198bcb0ef175f7dacec0b8691fc141dc9b8
  subpackages:
  - codes
  - status
- name: gopkg.in/inf.v0
  version: 3887ee99ecf07df5b447e9b00d9c0b2adaa9f3e4
- name: k8s.io/api
  version: 11147472b7c934c474a2c484af3c0c5210b7a3af
  subpackages:
  - core/v1
- name: k8s.io/apimachinery
  version: 49ce2735e5074ffc3f8190c8406cf51a96302dad
  subpackages:
  - pkg/api/resource
  - pkg/apis/meta/v1
  - pkg/conversion
  - pkg/conversion/queryparams
  - pkg/fields
  - pkg/labels
  - pkg/runtime
  - pkg/runtime/schema
  - pkg/selection
  - pkg/types
  - pkg/util/errors
  - pkg/util/intstr
  - pkg/util/json
  - pkg/util/naming
  - pkg/util/net
  - pkg/util/runtime
  - pkg/util/sets
  - pkg/util/validation
  - pkg/util/validation/field
  - pkg/watch
  - third_party/forked/golang/reflect
- name: k8s.io/client-go
  version: 5e6a3d4e34f694e895b13ae728111e726a5b69df
testImports: []
